
Microsoft Visual Studio Solution File, Format Version 12.00
# Visual Studio Version 17
VisualStudioVersion = 17.0.31903.59
MinimumVisualStudioVersion = 10.0.40219.1
Project("{2150E333-8FDC-42A3-9474-1A3956D46DE8}") = "src", "src", "{51478A8B-0C5D-4544-90C5-1C59BEAD4A24}"
EndProject
Project("{2150E333-8FDC-42A3-9474-1A3956D46DE8}") = "test", "test", "{6CC219EB-2FC0-44D5-9458-ABB427DA4325}"
EndProject
Project("{FAE04EC0-301F-11D3-BF4B-00C04F79EFBC}") = "Test.Unit", "test\Test.Unit\Test.Unit.csproj", "{6B0E11A0-E45E-40B9-A3EC-F0688CF8977D}"
EndProject
Project("{FAE04EC0-301F-11D3-BF4B-00C04F79EFBC}") = "Test.Integration", "test\Test.Integration\Test.Integration.csproj", "{999F1B54-CDE3-4701-937A-86A37790E31D}"
EndProject
Project("{2150E333-8FDC-42A3-9474-1A3956D46DE8}") = "Software", "Software", "{BE853A9F-4C8D-4812-A9B8-56603BE14B85}"
EndProject
Project("{FAE04EC0-301F-11D3-BF4B-00C04F79EFBC}") = "Middleware", "src\Software\Middleware\Middleware.csproj", "{067713C2-0A8B-49FD-9DEE-020363BA1B97}"
EndProject
Project("{2150E333-8FDC-42A3-9474-1A3956D46DE8}") = "Libraries", "Libraries", "{D6EEF9DA-F842-44FB-9635-A560463B697E}"
EndProject
Project("{FAE04EC0-301F-11D3-BF4B-00C04F79EFBC}") = "Software.Core", "src\Libraries\Software.Core\Software.Core.csproj", "{ED04D4F9-4013-43D5-B1DB-31FCB9BCF186}"
EndProject
Project("{2150E333-8FDC-42A3-9474-1A3956D46DE8}") = "Utils", "Utils", "{2E41761B-17D1-4137-BDB9-6C4F6EE687F1}"
EndProject
Project("{FAE04EC0-301F-11D3-BF4B-00C04F79EFBC}") = "Utils.Core", "src\Libraries\Utils\Utils.Core\Utils.Core.csproj", "{F986FE57-B42E-4F89-A568-26C02076813E}"
EndProject
Project("{FAE04EC0-301F-11D3-BF4B-00C04F79EFBC}") = "Utils.Rest", "src\Libraries\Utils\Utils.Rest\Utils.Rest.csproj", "{AD70600C-58A0-455C-9A46-A6A0FAEA3004}"
EndProject
Global
	GlobalSection(SolutionConfigurationPlatforms) = preSolution
		Debug|Any CPU = Debug|Any CPU
		Release|Any CPU = Release|Any CPU
	EndGlobalSection
	GlobalSection(SolutionProperties) = preSolution
		HideSolutionNode = FALSE
	EndGlobalSection
	GlobalSection(NestedProjects) = preSolution
		{6B0E11A0-E45E-40B9-A3EC-F0688CF8977D} = {6CC219EB-2FC0-44D5-9458-ABB427DA4325}
		{999F1B54-CDE3-4701-937A-86A37790E31D} = {6CC219EB-2FC0-44D5-9458-ABB427DA4325}
		{BE853A9F-4C8D-4812-A9B8-56603BE14B85} = {51478A8B-0C5D-4544-90C5-1C59BEAD4A24}
		{067713C2-0A8B-49FD-9DEE-020363BA1B97} = {BE853A9F-4C8D-4812-A9B8-56603BE14B85}
		{D6EEF9DA-F842-44FB-9635-A560463B697E} = {51478A8B-0C5D-4544-90C5-1C59BEAD4A24}
		{ED04D4F9-4013-43D5-B1DB-31FCB9BCF186} = {D6EEF9DA-F842-44FB-9635-A560463B697E}
		{2E41761B-17D1-4137-BDB9-6C4F6EE687F1} = {D6EEF9DA-F842-44FB-9635-A560463B697E}
		{F986FE57-B42E-4F89-A568-26C02076813E} = {2E41761B-17D1-4137-BDB9-6C4F6EE687F1}
		{AD70600C-58A0-455C-9A46-A6A0FAEA3004} = {2E41761B-17D1-4137-BDB9-6C4F6EE687F1}
	EndGlobalSection
	GlobalSection(ProjectConfigurationPlatforms) = postSolution
		{6B0E11A0-E45E-40B9-A3EC-F0688CF8977D}.Debug|Any CPU.ActiveCfg = Debug|Any CPU
		{6B0E11A0-E45E-40B9-A3EC-F0688CF8977D}.Debug|Any CPU.Build.0 = Debug|Any CPU
		{6B0E11A0-E45E-40B9-A3EC-F0688CF8977D}.Release|Any CPU.ActiveCfg = Release|Any CPU
		{6B0E11A0-E45E-40B9-A3EC-F0688CF8977D}.Release|Any CPU.Build.0 = Release|Any CPU
		{999F1B54-CDE3-4701-937A-86A37790E31D}.Debug|Any CPU.ActiveCfg = Debug|Any CPU
		{999F1B54-CDE3-4701-937A-86A37790E31D}.Debug|Any CPU.Build.0 = Debug|Any CPU
		{999F1B54-CDE3-4701-937A-86A37790E31D}.Release|Any CPU.ActiveCfg = Release|Any CPU
		{999F1B54-CDE3-4701-937A-86A37790E31D}.Release|Any CPU.Build.0 = Release|Any CPU
		{067713C2-0A8B-49FD-9DEE-020363BA1B97}.Debug|Any CPU.ActiveCfg = Debug|Any CPU
		{067713C2-0A8B-49FD-9DEE-020363BA1B97}.Debug|Any CPU.Build.0 = Debug|Any CPU
		{067713C2-0A8B-49FD-9DEE-020363BA1B97}.Release|Any CPU.ActiveCfg = Release|Any CPU
		{067713C2-0A8B-49FD-9DEE-020363BA1B97}.Release|Any CPU.Build.0 = Release|Any CPU
		{ED04D4F9-4013-43D5-B1DB-31FCB9BCF186}.Debug|Any CPU.ActiveCfg = Debug|Any CPU
		{ED04D4F9-4013-43D5-B1DB-31FCB9BCF186}.Debug|Any CPU.Build.0 = Debug|Any CPU
		{ED04D4F9-4013-43D5-B1DB-31FCB9BCF186}.Release|Any CPU.ActiveCfg = Release|Any CPU
		{ED04D4F9-4013-43D5-B1DB-31FCB9BCF186}.Release|Any CPU.Build.0 = Release|Any CPU
		{F986FE57-B42E-4F89-A568-26C02076813E}.Debug|Any CPU.ActiveCfg = Debug|Any CPU
		{F986FE57-B42E-4F89-A568-26C02076813E}.Debug|Any CPU.Build.0 = Debug|Any CPU
		{F986FE57-B42E-4F89-A568-26C02076813E}.Release|Any CPU.ActiveCfg = Release|Any CPU
		{F986FE57-B42E-4F89-A568-26C02076813E}.Release|Any CPU.Build.0 = Release|Any CPU
		{AD70600C-58A0-455C-9A46-A6A0FAEA3004}.Debug|Any CPU.ActiveCfg = Debug|Any CPU
		{AD70600C-58A0-455C-9A46-A6A0FAEA3004}.Debug|Any CPU.Build.0 = Debug|Any CPU
		{AD70600C-58A0-455C-9A46-A6A0FAEA3004}.Release|Any CPU.ActiveCfg = Release|Any CPU
		{AD70600C-58A0-455C-9A46-A6A0FAEA3004}.Release|Any CPU.Build.0 = Release|Any CPU
	EndGlobalSection
EndGlobal
