
Microsoft Visual Studio Solution File, Format Version 12.00
# Visual Studio Version 17
VisualStudioVersion = 17.0.31903.59
MinimumVisualStudioVersion = 10.0.40219.1
Project("{2150E333-8FDC-42A3-9474-1A3956D46DE8}") = "src", "src", "{827E0CD3-B72D-47B6-A68D-7590B98EB39B}"
EndProject
Project("{2150E333-8FDC-42A3-9474-1A3956D46DE8}") = "Software", "Software", "{314374A6-88BB-71AC-D568-1CE827161439}"
EndProject
Project("{FAE04EC0-301F-11D3-BF4B-00C04F79EFBC}") = "Software.Middleware", "src\Software\Software.Middleware\Software.Middleware.csproj", "{7908795D-8630-49D9-BD81-7844BA93611D}"
EndProject
Project("{2150E333-8FDC-42A3-9474-1A3956D46DE8}") = "Bot", "Bot", "{A5D72685-115F-4428-8053-500DC9B20223}"
EndProject
Project("{FAE04EC0-301F-11D3-BF4B-00C04F79EFBC}") = "Software.Bot.Discord", "src\Software\Bot\Software.Bot.Discord\Software.Bot.Discord.csproj", "{C85E4B08-E0DA-4D44-90FB-D9008A8E9BE1}"
EndProject
Project("{FAE04EC0-301F-11D3-BF4B-00C04F79EFBC}") = "Software.Bot.Twitch", "src\Software\Bot\Software.Bot.Twitch\Software.Bot.Twitch.csproj", "{2E69A13B-3B77-4D29-80B5-CD24ECE58C5D}"
EndProject
Project("{FAE04EC0-301F-11D3-BF4B-00C04F79EFBC}") = "Software.Bot.YouTube", "src\Software\Bot\Software.Bot.YouTube\Software.Bot.YouTube.csproj", "{FA28A426-BE2A-43BE-9972-13C6DE37770D}"
EndProject
Project("{2150E333-8FDC-42A3-9474-1A3956D46DE8}") = "Event", "Event", "{AA94C92F-3A54-A8CD-7C97-9940CA07282A}"
EndProject
Project("{FAE04EC0-301F-11D3-BF4B-00C04F79EFBC}") = "Software.Event.Discord", "src\Software\Event\Software.Event.Discord\Software.Event.Discord.csproj", "{115FBF56-ABB8-409C-882F-1792542EB337}"
EndProject
Project("{FAE04EC0-301F-11D3-BF4B-00C04F79EFBC}") = "Software.Event.Twitch", "src\Software\Event\Software.Event.Twitch\Software.Event.Twitch.csproj", "{F56895FC-48A2-4A6B-B1D4-0CE980D6EAD3}"
EndProject
Project("{FAE04EC0-301F-11D3-BF4B-00C04F79EFBC}") = "Software.Event.YouTube", "src\Software\Event\Software.Event.YouTube\Software.Event.YouTube.csproj", "{F2399856-D93E-4D40-AC73-A7E13C568BFA}"
EndProject
Project("{2150E333-8FDC-42A3-9474-1A3956D46DE8}") = "Libraries", "Libraries", "{5E7EC0AF-E837-5B7A-FB41-A4DCCA877D1F}"
EndProject
Project("{FAE04EC0-301F-11D3-BF4B-00C04F79EFBC}") = "Software.Core", "src\Libraries\Software.Core\Software.Core.csproj", "{523AAEA9-1F93-46E1-8A89-3CE464CB9627}"
EndProject
Project("{2150E333-8FDC-42A3-9474-1A3956D46DE8}") = "Utils", "Utils", "{969279D8-5F47-E7B5-2176-08E438573501}"
EndProject
Project("{FAE04EC0-301F-11D3-BF4B-00C04F79EFBC}") = "Utils.Core", "src\Libraries\Utils\Utils.Core\Utils.Core.csproj", "{A92B778A-4765-4C52-94B0-04FB5D654AA2}"
EndProject
Project("{2150E333-8FDC-42A3-9474-1A3956D46DE8}") = "tests", "tests", "{0AB3BF05-4346-4AA6-1389-037BE0695223}"
EndProject
Project("{FAE04EC0-301F-11D3-BF4B-00C04F79EFBC}") = "Software.Architecture", "tests\Software.Architecture\Software.Architecture.csproj", "{02832086-9EF2-4E67-A31C-C06A05B22359}"
EndProject
Project("{FAE04EC0-301F-11D3-BF4B-00C04F79EFBC}") = "Software.Integration", "tests\Software.Integration\Software.Integration.csproj", "{8A8C0B66-CBF6-445F-A680-EB47E4F1B11C}"
EndProject
Project("{FAE04EC0-301F-11D3-BF4B-00C04F79EFBC}") = "Software.Unit", "tests\Software.Unit\Software.Unit.csproj", "{F5BBE3CF-3D90-4618-AE1B-CFE65D2E1FA7}"
EndProject
Project("{2150E333-8FDC-42A3-9474-1A3956D46DE8}") = "Libraries", "Libraries", "{53C8D27A-3AC6-E7CB-78EC-8A985BA5C51B}"
EndProject
Project("{FAE04EC0-301F-11D3-BF4B-00C04F79EFBC}") = "Test.Core", "tests\Libraries\Test.Core\Test.Core.csproj", "{02DCF010-79C8-452A-869F-59D4E75D8451}"
EndProject
Project("{FAE04EC0-301F-11D3-BF4B-00C04F79EFBC}") = "Utils.Rest", "src\Libraries\Utils\Utils.Rest\Utils.Rest.csproj", "{D6D57459-F5B8-4E0D-8A40-A75BAA3BFEBB}"
EndProject
Project("{FAE04EC0-301F-11D3-BF4B-00C04F79EFBC}") = "Utils.Correlation", "src\Libraries\Utils\Utils.Correlation\Utils.Correlation.csproj", "{DF53861A-C7A5-4BB9-8DFF-F98058C147F6}"
EndProject
Global
	GlobalSection(SolutionConfigurationPlatforms) = preSolution
		Debug|Any CPU = Debug|Any CPU
		Debug|x64 = Debug|x64
		Debug|x86 = Debug|x86
		Release|Any CPU = Release|Any CPU
		Release|x64 = Release|x64
		Release|x86 = Release|x86
	EndGlobalSection
	GlobalSection(ProjectConfigurationPlatforms) = postSolution
		{7908795D-8630-49D9-BD81-7844BA93611D}.Debug|Any CPU.ActiveCfg = Debug|Any CPU
		{7908795D-8630-49D9-BD81-7844BA93611D}.Debug|Any CPU.Build.0 = Debug|Any CPU
		{7908795D-8630-49D9-BD81-7844BA93611D}.Debug|x64.ActiveCfg = Debug|Any CPU
		{7908795D-8630-49D9-BD81-7844BA93611D}.Debug|x64.Build.0 = Debug|Any CPU
		{7908795D-8630-49D9-BD81-7844BA93611D}.Debug|x86.ActiveCfg = Debug|Any CPU
		{7908795D-8630-49D9-BD81-7844BA93611D}.Debug|x86.Build.0 = Debug|Any CPU
		{7908795D-8630-49D9-BD81-7844BA93611D}.Release|Any CPU.ActiveCfg = Release|Any CPU
		{7908795D-8630-49D9-BD81-7844BA93611D}.Release|Any CPU.Build.0 = Release|Any CPU
		{7908795D-8630-49D9-BD81-7844BA93611D}.Release|x64.ActiveCfg = Release|Any CPU
		{7908795D-8630-49D9-BD81-7844BA93611D}.Release|x64.Build.0 = Release|Any CPU
		{7908795D-8630-49D9-BD81-7844BA93611D}.Release|x86.ActiveCfg = Release|Any CPU
		{7908795D-8630-49D9-BD81-7844BA93611D}.Release|x86.Build.0 = Release|Any CPU
		{C85E4B08-E0DA-4D44-90FB-D9008A8E9BE1}.Debug|Any CPU.ActiveCfg = Debug|Any CPU
		{C85E4B08-E0DA-4D44-90FB-D9008A8E9BE1}.Debug|Any CPU.Build.0 = Debug|Any CPU
		{C85E4B08-E0DA-4D44-90FB-D9008A8E9BE1}.Debug|x64.ActiveCfg = Debug|Any CPU
		{C85E4B08-E0DA-4D44-90FB-D9008A8E9BE1}.Debug|x64.Build.0 = Debug|Any CPU
		{C85E4B08-E0DA-4D44-90FB-D9008A8E9BE1}.Debug|x86.ActiveCfg = Debug|Any CPU
		{C85E4B08-E0DA-4D44-90FB-D9008A8E9BE1}.Debug|x86.Build.0 = Debug|Any CPU
		{C85E4B08-E0DA-4D44-90FB-D9008A8E9BE1}.Release|Any CPU.ActiveCfg = Release|Any CPU
		{C85E4B08-E0DA-4D44-90FB-D9008A8E9BE1}.Release|Any CPU.Build.0 = Release|Any CPU
		{C85E4B08-E0DA-4D44-90FB-D9008A8E9BE1}.Release|x64.ActiveCfg = Release|Any CPU
		{C85E4B08-E0DA-4D44-90FB-D9008A8E9BE1}.Release|x64.Build.0 = Release|Any CPU
		{C85E4B08-E0DA-4D44-90FB-D9008A8E9BE1}.Release|x86.ActiveCfg = Release|Any CPU
		{C85E4B08-E0DA-4D44-90FB-D9008A8E9BE1}.Release|x86.Build.0 = Release|Any CPU
		{2E69A13B-3B77-4D29-80B5-CD24ECE58C5D}.Debug|Any CPU.ActiveCfg = Debug|Any CPU
		{2E69A13B-3B77-4D29-80B5-CD24ECE58C5D}.Debug|Any CPU.Build.0 = Debug|Any CPU
		{2E69A13B-3B77-4D29-80B5-CD24ECE58C5D}.Debug|x64.ActiveCfg = Debug|Any CPU
		{2E69A13B-3B77-4D29-80B5-CD24ECE58C5D}.Debug|x64.Build.0 = Debug|Any CPU
		{2E69A13B-3B77-4D29-80B5-CD24ECE58C5D}.Debug|x86.ActiveCfg = Debug|Any CPU
		{2E69A13B-3B77-4D29-80B5-CD24ECE58C5D}.Debug|x86.Build.0 = Debug|Any CPU
		{2E69A13B-3B77-4D29-80B5-CD24ECE58C5D}.Release|Any CPU.ActiveCfg = Release|Any CPU
		{2E69A13B-3B77-4D29-80B5-CD24ECE58C5D}.Release|Any CPU.Build.0 = Release|Any CPU
		{2E69A13B-3B77-4D29-80B5-CD24ECE58C5D}.Release|x64.ActiveCfg = Release|Any CPU
		{2E69A13B-3B77-4D29-80B5-CD24ECE58C5D}.Release|x64.Build.0 = Release|Any CPU
		{2E69A13B-3B77-4D29-80B5-CD24ECE58C5D}.Release|x86.ActiveCfg = Release|Any CPU
		{2E69A13B-3B77-4D29-80B5-CD24ECE58C5D}.Release|x86.Build.0 = Release|Any CPU
		{FA28A426-BE2A-43BE-9972-13C6DE37770D}.Debug|Any CPU.ActiveCfg = Debug|Any CPU
		{FA28A426-BE2A-43BE-9972-13C6DE37770D}.Debug|Any CPU.Build.0 = Debug|Any CPU
		{FA28A426-BE2A-43BE-9972-13C6DE37770D}.Debug|x64.ActiveCfg = Debug|Any CPU
		{FA28A426-BE2A-43BE-9972-13C6DE37770D}.Debug|x64.Build.0 = Debug|Any CPU
		{FA28A426-BE2A-43BE-9972-13C6DE37770D}.Debug|x86.ActiveCfg = Debug|Any CPU
		{FA28A426-BE2A-43BE-9972-13C6DE37770D}.Debug|x86.Build.0 = Debug|Any CPU
		{FA28A426-BE2A-43BE-9972-13C6DE37770D}.Release|Any CPU.ActiveCfg = Release|Any CPU
		{FA28A426-BE2A-43BE-9972-13C6DE37770D}.Release|Any CPU.Build.0 = Release|Any CPU
		{FA28A426-BE2A-43BE-9972-13C6DE37770D}.Release|x64.ActiveCfg = Release|Any CPU
		{FA28A426-BE2A-43BE-9972-13C6DE37770D}.Release|x64.Build.0 = Release|Any CPU
		{FA28A426-BE2A-43BE-9972-13C6DE37770D}.Release|x86.ActiveCfg = Release|Any CPU
		{FA28A426-BE2A-43BE-9972-13C6DE37770D}.Release|x86.Build.0 = Release|Any CPU
		{115FBF56-ABB8-409C-882F-1792542EB337}.Debug|Any CPU.ActiveCfg = Debug|Any CPU
		{115FBF56-ABB8-409C-882F-1792542EB337}.Debug|Any CPU.Build.0 = Debug|Any CPU
		{115FBF56-ABB8-409C-882F-1792542EB337}.Debug|x64.ActiveCfg = Debug|Any CPU
		{115FBF56-ABB8-409C-882F-1792542EB337}.Debug|x64.Build.0 = Debug|Any CPU
		{115FBF56-ABB8-409C-882F-1792542EB337}.Debug|x86.ActiveCfg = Debug|Any CPU
		{115FBF56-ABB8-409C-882F-1792542EB337}.Debug|x86.Build.0 = Debug|Any CPU
		{115FBF56-ABB8-409C-882F-1792542EB337}.Release|Any CPU.ActiveCfg = Release|Any CPU
		{115FBF56-ABB8-409C-882F-1792542EB337}.Release|Any CPU.Build.0 = Release|Any CPU
		{115FBF56-ABB8-409C-882F-1792542EB337}.Release|x64.ActiveCfg = Release|Any CPU
		{115FBF56-ABB8-409C-882F-1792542EB337}.Release|x64.Build.0 = Release|Any CPU
		{115FBF56-ABB8-409C-882F-1792542EB337}.Release|x86.ActiveCfg = Release|Any CPU
		{115FBF56-ABB8-409C-882F-1792542EB337}.Release|x86.Build.0 = Release|Any CPU
		{F56895FC-48A2-4A6B-B1D4-0CE980D6EAD3}.Debug|Any CPU.ActiveCfg = Debug|Any CPU
		{F56895FC-48A2-4A6B-B1D4-0CE980D6EAD3}.Debug|Any CPU.Build.0 = Debug|Any CPU
		{F56895FC-48A2-4A6B-B1D4-0CE980D6EAD3}.Debug|x64.ActiveCfg = Debug|Any CPU
		{F56895FC-48A2-4A6B-B1D4-0CE980D6EAD3}.Debug|x64.Build.0 = Debug|Any CPU
		{F56895FC-48A2-4A6B-B1D4-0CE980D6EAD3}.Debug|x86.ActiveCfg = Debug|Any CPU
		{F56895FC-48A2-4A6B-B1D4-0CE980D6EAD3}.Debug|x86.Build.0 = Debug|Any CPU
		{F56895FC-48A2-4A6B-B1D4-0CE980D6EAD3}.Release|Any CPU.ActiveCfg = Release|Any CPU
		{F56895FC-48A2-4A6B-B1D4-0CE980D6EAD3}.Release|Any CPU.Build.0 = Release|Any CPU
		{F56895FC-48A2-4A6B-B1D4-0CE980D6EAD3}.Release|x64.ActiveCfg = Release|Any CPU
		{F56895FC-48A2-4A6B-B1D4-0CE980D6EAD3}.Release|x64.Build.0 = Release|Any CPU
		{F56895FC-48A2-4A6B-B1D4-0CE980D6EAD3}.Release|x86.ActiveCfg = Release|Any CPU
		{F56895FC-48A2-4A6B-B1D4-0CE980D6EAD3}.Release|x86.Build.0 = Release|Any CPU
		{F2399856-D93E-4D40-AC73-A7E13C568BFA}.Debug|Any CPU.ActiveCfg = Debug|Any CPU
		{F2399856-D93E-4D40-AC73-A7E13C568BFA}.Debug|Any CPU.Build.0 = Debug|Any CPU
		{F2399856-D93E-4D40-AC73-A7E13C568BFA}.Debug|x64.ActiveCfg = Debug|Any CPU
		{F2399856-D93E-4D40-AC73-A7E13C568BFA}.Debug|x64.Build.0 = Debug|Any CPU
		{F2399856-D93E-4D40-AC73-A7E13C568BFA}.Debug|x86.ActiveCfg = Debug|Any CPU
		{F2399856-D93E-4D40-AC73-A7E13C568BFA}.Debug|x86.Build.0 = Debug|Any CPU
		{F2399856-D93E-4D40-AC73-A7E13C568BFA}.Release|Any CPU.ActiveCfg = Release|Any CPU
		{F2399856-D93E-4D40-AC73-A7E13C568BFA}.Release|Any CPU.Build.0 = Release|Any CPU
		{F2399856-D93E-4D40-AC73-A7E13C568BFA}.Release|x64.ActiveCfg = Release|Any CPU
		{F2399856-D93E-4D40-AC73-A7E13C568BFA}.Release|x64.Build.0 = Release|Any CPU
		{F2399856-D93E-4D40-AC73-A7E13C568BFA}.Release|x86.ActiveCfg = Release|Any CPU
		{F2399856-D93E-4D40-AC73-A7E13C568BFA}.Release|x86.Build.0 = Release|Any CPU
		{523AAEA9-1F93-46E1-8A89-3CE464CB9627}.Debug|Any CPU.ActiveCfg = Debug|Any CPU
		{523AAEA9-1F93-46E1-8A89-3CE464CB9627}.Debug|Any CPU.Build.0 = Debug|Any CPU
		{523AAEA9-1F93-46E1-8A89-3CE464CB9627}.Debug|x64.ActiveCfg = Debug|Any CPU
		{523AAEA9-1F93-46E1-8A89-3CE464CB9627}.Debug|x64.Build.0 = Debug|Any CPU
		{523AAEA9-1F93-46E1-8A89-3CE464CB9627}.Debug|x86.ActiveCfg = Debug|Any CPU
		{523AAEA9-1F93-46E1-8A89-3CE464CB9627}.Debug|x86.Build.0 = Debug|Any CPU
		{523AAEA9-1F93-46E1-8A89-3CE464CB9627}.Release|Any CPU.ActiveCfg = Release|Any CPU
		{523AAEA9-1F93-46E1-8A89-3CE464CB9627}.Release|Any CPU.Build.0 = Release|Any CPU
		{523AAEA9-1F93-46E1-8A89-3CE464CB9627}.Release|x64.ActiveCfg = Release|Any CPU
		{523AAEA9-1F93-46E1-8A89-3CE464CB9627}.Release|x64.Build.0 = Release|Any CPU
		{523AAEA9-1F93-46E1-8A89-3CE464CB9627}.Release|x86.ActiveCfg = Release|Any CPU
		{523AAEA9-1F93-46E1-8A89-3CE464CB9627}.Release|x86.Build.0 = Release|Any CPU
		{A92B778A-4765-4C52-94B0-04FB5D654AA2}.Debug|Any CPU.ActiveCfg = Debug|Any CPU
		{A92B778A-4765-4C52-94B0-04FB5D654AA2}.Debug|Any CPU.Build.0 = Debug|Any CPU
		{A92B778A-4765-4C52-94B0-04FB5D654AA2}.Debug|x64.ActiveCfg = Debug|Any CPU
		{A92B778A-4765-4C52-94B0-04FB5D654AA2}.Debug|x64.Build.0 = Debug|Any CPU
		{A92B778A-4765-4C52-94B0-04FB5D654AA2}.Debug|x86.ActiveCfg = Debug|Any CPU
		{A92B778A-4765-4C52-94B0-04FB5D654AA2}.Debug|x86.Build.0 = Debug|Any CPU
		{A92B778A-4765-4C52-94B0-04FB5D654AA2}.Release|Any CPU.ActiveCfg = Release|Any CPU
		{A92B778A-4765-4C52-94B0-04FB5D654AA2}.Release|Any CPU.Build.0 = Release|Any CPU
		{A92B778A-4765-4C52-94B0-04FB5D654AA2}.Release|x64.ActiveCfg = Release|Any CPU
		{A92B778A-4765-4C52-94B0-04FB5D654AA2}.Release|x64.Build.0 = Release|Any CPU
		{A92B778A-4765-4C52-94B0-04FB5D654AA2}.Release|x86.ActiveCfg = Release|Any CPU
		{A92B778A-4765-4C52-94B0-04FB5D654AA2}.Release|x86.Build.0 = Release|Any CPU
		{02832086-9EF2-4E67-A31C-C06A05B22359}.Debug|Any CPU.ActiveCfg = Debug|Any CPU
		{02832086-9EF2-4E67-A31C-C06A05B22359}.Debug|Any CPU.Build.0 = Debug|Any CPU
		{02832086-9EF2-4E67-A31C-C06A05B22359}.Debug|x64.ActiveCfg = Debug|Any CPU
		{02832086-9EF2-4E67-A31C-C06A05B22359}.Debug|x64.Build.0 = Debug|Any CPU
		{02832086-9EF2-4E67-A31C-C06A05B22359}.Debug|x86.ActiveCfg = Debug|Any CPU
		{02832086-9EF2-4E67-A31C-C06A05B22359}.Debug|x86.Build.0 = Debug|Any CPU
		{02832086-9EF2-4E67-A31C-C06A05B22359}.Release|Any CPU.ActiveCfg = Release|Any CPU
		{02832086-9EF2-4E67-A31C-C06A05B22359}.Release|Any CPU.Build.0 = Release|Any CPU
		{02832086-9EF2-4E67-A31C-C06A05B22359}.Release|x64.ActiveCfg = Release|Any CPU
		{02832086-9EF2-4E67-A31C-C06A05B22359}.Release|x64.Build.0 = Release|Any CPU
		{02832086-9EF2-4E67-A31C-C06A05B22359}.Release|x86.ActiveCfg = Release|Any CPU
		{02832086-9EF2-4E67-A31C-C06A05B22359}.Release|x86.Build.0 = Release|Any CPU
		{8A8C0B66-CBF6-445F-A680-EB47E4F1B11C}.Debug|Any CPU.ActiveCfg = Debug|Any CPU
		{8A8C0B66-CBF6-445F-A680-EB47E4F1B11C}.Debug|Any CPU.Build.0 = Debug|Any CPU
		{8A8C0B66-CBF6-445F-A680-EB47E4F1B11C}.Debug|x64.ActiveCfg = Debug|Any CPU
		{8A8C0B66-CBF6-445F-A680-EB47E4F1B11C}.Debug|x64.Build.0 = Debug|Any CPU
		{8A8C0B66-CBF6-445F-A680-EB47E4F1B11C}.Debug|x86.ActiveCfg = Debug|Any CPU
		{8A8C0B66-CBF6-445F-A680-EB47E4F1B11C}.Debug|x86.Build.0 = Debug|Any CPU
		{8A8C0B66-CBF6-445F-A680-EB47E4F1B11C}.Release|Any CPU.ActiveCfg = Release|Any CPU
		{8A8C0B66-CBF6-445F-A680-EB47E4F1B11C}.Release|Any CPU.Build.0 = Release|Any CPU
		{8A8C0B66-CBF6-445F-A680-EB47E4F1B11C}.Release|x64.ActiveCfg = Release|Any CPU
		{8A8C0B66-CBF6-445F-A680-EB47E4F1B11C}.Release|x64.Build.0 = Release|Any CPU
		{8A8C0B66-CBF6-445F-A680-EB47E4F1B11C}.Release|x86.ActiveCfg = Release|Any CPU
		{8A8C0B66-CBF6-445F-A680-EB47E4F1B11C}.Release|x86.Build.0 = Release|Any CPU
		{F5BBE3CF-3D90-4618-AE1B-CFE65D2E1FA7}.Debug|Any CPU.ActiveCfg = Debug|Any CPU
		{F5BBE3CF-3D90-4618-AE1B-CFE65D2E1FA7}.Debug|Any CPU.Build.0 = Debug|Any CPU
		{F5BBE3CF-3D90-4618-AE1B-CFE65D2E1FA7}.Debug|x64.ActiveCfg = Debug|Any CPU
		{F5BBE3CF-3D90-4618-AE1B-CFE65D2E1FA7}.Debug|x64.Build.0 = Debug|Any CPU
		{F5BBE3CF-3D90-4618-AE1B-CFE65D2E1FA7}.Debug|x86.ActiveCfg = Debug|Any CPU
		{F5BBE3CF-3D90-4618-AE1B-CFE65D2E1FA7}.Debug|x86.Build.0 = Debug|Any CPU
		{F5BBE3CF-3D90-4618-AE1B-CFE65D2E1FA7}.Release|Any CPU.ActiveCfg = Release|Any CPU
		{F5BBE3CF-3D90-4618-AE1B-CFE65D2E1FA7}.Release|Any CPU.Build.0 = Release|Any CPU
		{F5BBE3CF-3D90-4618-AE1B-CFE65D2E1FA7}.Release|x64.ActiveCfg = Release|Any CPU
		{F5BBE3CF-3D90-4618-AE1B-CFE65D2E1FA7}.Release|x64.Build.0 = Release|Any CPU
		{F5BBE3CF-3D90-4618-AE1B-CFE65D2E1FA7}.Release|x86.ActiveCfg = Release|Any CPU
		{F5BBE3CF-3D90-4618-AE1B-CFE65D2E1FA7}.Release|x86.Build.0 = Release|Any CPU
		{02DCF010-79C8-452A-869F-59D4E75D8451}.Debug|Any CPU.ActiveCfg = Debug|Any CPU
		{02DCF010-79C8-452A-869F-59D4E75D8451}.Debug|Any CPU.Build.0 = Debug|Any CPU
		{02DCF010-79C8-452A-869F-59D4E75D8451}.Debug|x64.ActiveCfg = Debug|Any CPU
		{02DCF010-79C8-452A-869F-59D4E75D8451}.Debug|x64.Build.0 = Debug|Any CPU
		{02DCF010-79C8-452A-869F-59D4E75D8451}.Debug|x86.ActiveCfg = Debug|Any CPU
		{02DCF010-79C8-452A-869F-59D4E75D8451}.Debug|x86.Build.0 = Debug|Any CPU
		{02DCF010-79C8-452A-869F-59D4E75D8451}.Release|Any CPU.ActiveCfg = Release|Any CPU
		{02DCF010-79C8-452A-869F-59D4E75D8451}.Release|Any CPU.Build.0 = Release|Any CPU
		{02DCF010-79C8-452A-869F-59D4E75D8451}.Release|x64.ActiveCfg = Release|Any CPU
		{02DCF010-79C8-452A-869F-59D4E75D8451}.Release|x64.Build.0 = Release|Any CPU
		{02DCF010-79C8-452A-869F-59D4E75D8451}.Release|x86.ActiveCfg = Release|Any CPU
		{02DCF010-79C8-452A-869F-59D4E75D8451}.Release|x86.Build.0 = Release|Any CPU
		{D6D57459-F5B8-4E0D-8A40-A75BAA3BFEBB}.Debug|Any CPU.ActiveCfg = Debug|Any CPU
		{D6D57459-F5B8-4E0D-8A40-A75BAA3BFEBB}.Debug|Any CPU.Build.0 = Debug|Any CPU
		{D6D57459-F5B8-4E0D-8A40-A75BAA3BFEBB}.Debug|x64.ActiveCfg = Debug|Any CPU
		{D6D57459-F5B8-4E0D-8A40-A75BAA3BFEBB}.Debug|x64.Build.0 = Debug|Any CPU
		{D6D57459-F5B8-4E0D-8A40-A75BAA3BFEBB}.Debug|x86.ActiveCfg = Debug|Any CPU
		{D6D57459-F5B8-4E0D-8A40-A75BAA3BFEBB}.Debug|x86.Build.0 = Debug|Any CPU
		{D6D57459-F5B8-4E0D-8A40-A75BAA3BFEBB}.Release|Any CPU.ActiveCfg = Release|Any CPU
		{D6D57459-F5B8-4E0D-8A40-A75BAA3BFEBB}.Release|Any CPU.Build.0 = Release|Any CPU
		{D6D57459-F5B8-4E0D-8A40-A75BAA3BFEBB}.Release|x64.ActiveCfg = Release|Any CPU
		{D6D57459-F5B8-4E0D-8A40-A75BAA3BFEBB}.Release|x64.Build.0 = Release|Any CPU
		{D6D57459-F5B8-4E0D-8A40-A75BAA3BFEBB}.Release|x86.ActiveCfg = Release|Any CPU
		{D6D57459-F5B8-4E0D-8A40-A75BAA3BFEBB}.Release|x86.Build.0 = Release|Any CPU
		{DF53861A-C7A5-4BB9-8DFF-F98058C147F6}.Debug|Any CPU.ActiveCfg = Debug|Any CPU
		{DF53861A-C7A5-4BB9-8DFF-F98058C147F6}.Debug|Any CPU.Build.0 = Debug|Any CPU
		{DF53861A-C7A5-4BB9-8DFF-F98058C147F6}.Debug|x64.ActiveCfg = Debug|Any CPU
		{DF53861A-C7A5-4BB9-8DFF-F98058C147F6}.Debug|x64.Build.0 = Debug|Any CPU
		{DF53861A-C7A5-4BB9-8DFF-F98058C147F6}.Debug|x86.ActiveCfg = Debug|Any CPU
		{DF53861A-C7A5-4BB9-8DFF-F98058C147F6}.Debug|x86.Build.0 = Debug|Any CPU
		{DF53861A-C7A5-4BB9-8DFF-F98058C147F6}.Release|Any CPU.ActiveCfg = Release|Any CPU
		{DF53861A-C7A5-4BB9-8DFF-F98058C147F6}.Release|Any CPU.Build.0 = Release|Any CPU
		{DF53861A-C7A5-4BB9-8DFF-F98058C147F6}.Release|x64.ActiveCfg = Release|Any CPU
		{DF53861A-C7A5-4BB9-8DFF-F98058C147F6}.Release|x64.Build.0 = Release|Any CPU
		{DF53861A-C7A5-4BB9-8DFF-F98058C147F6}.Release|x86.ActiveCfg = Release|Any CPU
		{DF53861A-C7A5-4BB9-8DFF-F98058C147F6}.Release|x86.Build.0 = Release|Any CPU
	EndGlobalSection
	GlobalSection(SolutionProperties) = preSolution
		HideSolutionNode = FALSE
	EndGlobalSection
	GlobalSection(NestedProjects) = preSolution
		{314374A6-88BB-71AC-D568-1CE827161439} = {827E0CD3-B72D-47B6-A68D-7590B98EB39B}
		{7908795D-8630-49D9-BD81-7844BA93611D} = {314374A6-88BB-71AC-D568-1CE827161439}
		{A5D72685-115F-4428-8053-500DC9B20223} = {314374A6-88BB-71AC-D568-1CE827161439}
		{C85E4B08-E0DA-4D44-90FB-D9008A8E9BE1} = {A5D72685-115F-4428-8053-500DC9B20223}
		{2E69A13B-3B77-4D29-80B5-CD24ECE58C5D} = {A5D72685-115F-4428-8053-500DC9B20223}
		{FA28A426-BE2A-43BE-9972-13C6DE37770D} = {A5D72685-115F-4428-8053-500DC9B20223}
		{AA94C92F-3A54-A8CD-7C97-9940CA07282A} = {314374A6-88BB-71AC-D568-1CE827161439}
		{115FBF56-ABB8-409C-882F-1792542EB337} = {AA94C92F-3A54-A8CD-7C97-9940CA07282A}
		{F56895FC-48A2-4A6B-B1D4-0CE980D6EAD3} = {AA94C92F-3A54-A8CD-7C97-9940CA07282A}
		{F2399856-D93E-4D40-AC73-A7E13C568BFA} = {AA94C92F-3A54-A8CD-7C97-9940CA07282A}
		{5E7EC0AF-E837-5B7A-FB41-A4DCCA877D1F} = {827E0CD3-B72D-47B6-A68D-7590B98EB39B}
		{523AAEA9-1F93-46E1-8A89-3CE464CB9627} = {5E7EC0AF-E837-5B7A-FB41-A4DCCA877D1F}
		{969279D8-5F47-E7B5-2176-08E438573501} = {5E7EC0AF-E837-5B7A-FB41-A4DCCA877D1F}
		{A92B778A-4765-4C52-94B0-04FB5D654AA2} = {969279D8-5F47-E7B5-2176-08E438573501}
		{02832086-9EF2-4E67-A31C-C06A05B22359} = {0AB3BF05-4346-4AA6-1389-037BE0695223}
		{8A8C0B66-CBF6-445F-A680-EB47E4F1B11C} = {0AB3BF05-4346-4AA6-1389-037BE0695223}
		{F5BBE3CF-3D90-4618-AE1B-CFE65D2E1FA7} = {0AB3BF05-4346-4AA6-1389-037BE0695223}
		{53C8D27A-3AC6-E7CB-78EC-8A985BA5C51B} = {0AB3BF05-4346-4AA6-1389-037BE0695223}
		{02DCF010-79C8-452A-869F-59D4E75D8451} = {53C8D27A-3AC6-E7CB-78EC-8A985BA5C51B}
		{D6D57459-F5B8-4E0D-8A40-A75BAA3BFEBB} = {969279D8-5F47-E7B5-2176-08E438573501}
		{DF53861A-C7A5-4BB9-8DFF-F98058C147F6} = {969279D8-5F47-E7B5-2176-08E438573501}
	EndGlobalSection
EndGlobal
